
Microsoft Visual Studio Solution File, Format Version 12.00
# Visual Studio Version 16
VisualStudioVersion = 25.0.1705.4
MinimumVisualStudioVersion = 10.0.40219.1
Project("{FAE04EC0-301F-11D3-BF4B-00C04F79EFBC}") = "denem3", "denem3\denem3.csproj", "{8784F5CF-3306-4A70-9E41-7372D40B902C}"
EndProject
Global
	GlobalSection(SolutionConfigurationPlatforms) = preSolution
		Debug|Any CPU = Debug|Any CPU
		Release|Any CPU = Release|Any CPU
	EndGlobalSection
	GlobalSection(ProjectConfigurationPlatforms) = postSolution
		{8784F5CF-3306-4A70-9E41-7372D40B902C}.Debug|Any CPU.ActiveCfg = Debug|Any CPU
		{8784F5CF-3306-4A70-9E41-7372D40B902C}.Debug|Any CPU.Build.0 = Debug|Any CPU
		{8784F5CF-3306-4A70-9E41-7372D40B902C}.Release|Any CPU.ActiveCfg = Release|Any CPU
		{8784F5CF-3306-4A70-9E41-7372D40B902C}.Release|Any CPU.Build.0 = Release|Any CPU
	EndGlobalSection
	GlobalSection(SolutionProperties) = preSolution
		HideSolutionNode = FALSE
	EndGlobalSection
	GlobalSection(ExtensibilityGlobals) = postSolution
		SolutionGuid = {E7CF3B6D-D10E-4C97-95A4-7427719B754B}
	EndGlobalSection
EndGlobal
